
Microsoft Visual Studio Solution File, Format Version 12.00
# Visual Studio Version 17
VisualStudioVersion = 17.5.33530.505
MinimumVisualStudioVersion = 10.0.40219.1
Project("{FAE04EC0-301F-11D3-BF4B-00C04F79EFBC}") = "DioDocsExcelAddShapeToRange", "DioDocsExcelAddShapeToRange\DioDocsExcelAddShapeToRange.csproj", "{96D2DFEB-5639-43C4-8714-2D0BF5FFA068}"
EndProject
Global
	GlobalSection(SolutionConfigurationPlatforms) = preSolution
		Debug|Any CPU = Debug|Any CPU
		Release|Any CPU = Release|Any CPU
	EndGlobalSection
	GlobalSection(ProjectConfigurationPlatforms) = postSolution
		{96D2DFEB-5639-43C4-8714-2D0BF5FFA068}.Debug|Any CPU.ActiveCfg = Debug|Any CPU
		{96D2DFEB-5639-43C4-8714-2D0BF5FFA068}.Debug|Any CPU.Build.0 = Debug|Any CPU
		{96D2DFEB-5639-43C4-8714-2D0BF5FFA068}.Release|Any CPU.ActiveCfg = Release|Any CPU
		{96D2DFEB-5639-43C4-8714-2D0BF5FFA068}.Release|Any CPU.Build.0 = Release|Any CPU
	EndGlobalSection
	GlobalSection(SolutionProperties) = preSolution
		HideSolutionNode = FALSE
	EndGlobalSection
	GlobalSection(ExtensibilityGlobals) = postSolution
		SolutionGuid = {E8E81861-AD97-4B2D-A227-EB5D9AD3D041}
	EndGlobalSection
EndGlobal
